
Microsoft Visual Studio Solution File, Format Version 12.00
# Visual Studio 15
VisualStudioVersion = 15.0.28307.438
MinimumVisualStudioVersion = 10.0.40219.1
Project("{FAE04EC0-301F-11D3-BF4B-00C04F79EFBC}") = "KAIN", "kalku all in one\KAIN.csproj", "{F6021FFC-60B1-4C70-AA43-C1FB3FF96239}"
EndProject
Project("{54435603-DBB4-11D2-8724-00A0C9A8B90C}") = "instalacja", "instalacja\instalacja.vdproj", "{211B591C-1784-4A14-989D-EC203788CFD4}"
EndProject
Global
	GlobalSection(SolutionConfigurationPlatforms) = preSolution
		Debug|Any CPU = Debug|Any CPU
		Release|Any CPU = Release|Any CPU
	EndGlobalSection
	GlobalSection(ProjectConfigurationPlatforms) = postSolution
		{F6021FFC-60B1-4C70-AA43-C1FB3FF96239}.Debug|Any CPU.ActiveCfg = Debug|Any CPU
		{F6021FFC-60B1-4C70-AA43-C1FB3FF96239}.Debug|Any CPU.Build.0 = Debug|Any CPU
		{F6021FFC-60B1-4C70-AA43-C1FB3FF96239}.Release|Any CPU.ActiveCfg = Release|Any CPU
		{F6021FFC-60B1-4C70-AA43-C1FB3FF96239}.Release|Any CPU.Build.0 = Release|Any CPU
		{211B591C-1784-4A14-989D-EC203788CFD4}.Debug|Any CPU.ActiveCfg = Debug
		{211B591C-1784-4A14-989D-EC203788CFD4}.Release|Any CPU.ActiveCfg = Release
	EndGlobalSection
	GlobalSection(SolutionProperties) = preSolution
		HideSolutionNode = FALSE
	EndGlobalSection
	GlobalSection(ExtensibilityGlobals) = postSolution
		SolutionGuid = {75EBB231-2D1E-469F-8DB9-67C5F673440F}
	EndGlobalSection
EndGlobal
